// !$*UTF8*$!
{
	archiveVersion = 1;
	classes = {
	};
	objectVersion = 56;
	objects = {

/* Begin PBXBuildFile section */
		D81807FA2B8E1BDE002911BE /* AppDelegate.swift in Sources */ = {isa = PBXBuildFile; fileRef = D81807F92B8E1BDE002911BE /* AppDelegate.swift */; };
		D81807FC2B8E1BDE002911BE /* ViewController.swift in Sources */ = {isa = PBXBuildFile; fileRef = D81807FB2B8E1BDE002911BE /* ViewController.swift */; };
		D81807FE2B8E1BDF002911BE /* Assets.xcassets in Resources */ = {isa = PBXBuildFile; fileRef = D81807FD2B8E1BDF002911BE /* Assets.xcassets */; };
		D81808012B8E1BDF002911BE /* Main.storyboard in Resources */ = {isa = PBXBuildFile; fileRef = D81807FF2B8E1BDF002911BE /* Main.storyboard */; };
		D87B5E302B8E7588007EE726 /* ORSSerial in Frameworks */ = {isa = PBXBuildFile; productRef = D87B5E2F2B8E7588007EE726 /* ORSSerial */; };
		D87B5E332B8E7903007EE726 /* dot.radiowaves.left.and.right.png in Resources */ = {isa = PBXBuildFile; fileRef = D87B5E312B8E7903007EE726 /* dot.radiowaves.left.and.right.png */; };
		D87B5E342B8E7903007EE726 /* EHF_Radar_Logo.png in Resources */ = {isa = PBXBuildFile; fileRef = D87B5E322B8E7903007EE726 /* EHF_Radar_Logo.png */; };
/* End PBXBuildFile section */

/* Begin PBXFileReference section */
		D81807F62B8E1BDE002911BE /* Non-Contact Heart Rate Monitor.app */ = {isa = PBXFileReference; explicitFileType = wrapper.application; includeInIndex = 0; path = "Non-Contact Heart Rate Monitor.app"; sourceTree = BUILT_PRODUCTS_DIR; };
		D81807F92B8E1BDE002911BE /* AppDelegate.swift */ = {isa = PBXFileReference; lastKnownFileType = sourcecode.swift; path = AppDelegate.swift; sourceTree = "<group>"; };
		D81807FB2B8E1BDE002911BE /* ViewController.swift */ = {isa = PBXFileReference; lastKnownFileType = sourcecode.swift; path = ViewController.swift; sourceTree = "<group>"; };
		D81807FD2B8E1BDF002911BE /* Assets.xcassets */ = {isa = PBXFileReference; lastKnownFileType = folder.assetcatalog; path = Assets.xcassets; sourceTree = "<group>"; };
		D81808002B8E1BDF002911BE /* Base */ = {isa = PBXFileReference; lastKnownFileType = file.storyboard; name = Base; path = Base.lproj/Main.storyboard; sourceTree = "<group>"; };
		D81808022B8E1BDF002911BE /* Non_Contact_Heart_Rate_Monitor.entitlements */ = {isa = PBXFileReference; lastKnownFileType = text.plist.entitlements; path = Non_Contact_Heart_Rate_Monitor.entitlements; sourceTree = "<group>"; };
		D87B5E312B8E7903007EE726 /* dot.radiowaves.left.and.right.png */ = {isa = PBXFileReference; lastKnownFileType = image.png; path = dot.radiowaves.left.and.right.png; sourceTree = SOURCE_ROOT; };
		D87B5E322B8E7903007EE726 /* EHF_Radar_Logo.png */ = {isa = PBXFileReference; lastKnownFileType = image.png; path = EHF_Radar_Logo.png; sourceTree = SOURCE_ROOT; };
/* End PBXFileReference section */

/* Begin PBXFrameworksBuildPhase section */
		D81807F32B8E1BDE002911BE /* Frameworks */ = {
			isa = PBXFrameworksBuildPhase;
			buildActionMask = 2147483647;
			files = (
				D87B5E302B8E7588007EE726 /* ORSSerial in Frameworks */,
			);
			runOnlyForDeploymentPostprocessing = 0;
		};
/* End PBXFrameworksBuildPhase section */

/* Begin PBXGroup section */
		D81807ED2B8E1BDE002911BE = {
			isa = PBXGroup;
			children = (
				D81807F82B8E1BDE002911BE /* Non-Contact Heart Rate Monitor */,
				D81807F72B8E1BDE002911BE /* Products */,
			);
			sourceTree = "<group>";
		};
		D81807F72B8E1BDE002911BE /* Products */ = {
			isa = PBXGroup;
			children = (
				D81807F62B8E1BDE002911BE /* Non-Contact Heart Rate Monitor.app */,
			);
			name = Products;
			sourceTree = "<group>";
		};
		D81807F82B8E1BDE002911BE /* Non-Contact Heart Rate Monitor */ = {
			isa = PBXGroup;
			children = (
				D81807F92B8E1BDE002911BE /* AppDelegate.swift */,
				D81807FB2B8E1BDE002911BE /* ViewController.swift */,
				D81807FD2B8E1BDF002911BE /* Assets.xcassets */,
				D81807FF2B8E1BDF002911BE /* Main.storyboard */,
				D87B5E312B8E7903007EE726 /* dot.radiowaves.left.and.right.png */,
				D87B5E322B8E7903007EE726 /* EHF_Radar_Logo.png */,
				D81808022B8E1BDF002911BE /* Non_Contact_Heart_Rate_Monitor.entitlements */,
			);
			path = "Non-Contact Heart Rate Monitor";
			sourceTree = "<group>";
		};
/* End PBXGroup section */

/* Begin PBXNativeTarget section */
		D81807F52B8E1BDE002911BE /* Non-Contact Heart Rate Monitor */ = {
			isa = PBXNativeTarget;
			buildConfigurationList = D81808052B8E1BDF002911BE /* Build configuration list for PBXNativeTarget "Non-Contact Heart Rate Monitor" */;
			buildPhases = (
				D81807F22B8E1BDE002911BE /* Sources */,
				D81807F32B8E1BDE002911BE /* Frameworks */,
				D81807F42B8E1BDE002911BE /* Resources */,
			);
			buildRules = (
			);
			dependencies = (
			);
			name = "Non-Contact Heart Rate Monitor";
			packageProductDependencies = (
				D87B5E2F2B8E7588007EE726 /* ORSSerial */,
			);
			productName = "Non-Contact Heart Rate Monitor";
			productReference = D81807F62B8E1BDE002911BE /* Non-Contact Heart Rate Monitor.app */;
			productType = "com.apple.product-type.application";
		};
/* End PBXNativeTarget section */

/* Begin PBXProject section */
		D81807EE2B8E1BDE002911BE /* Project object */ = {
			isa = PBXProject;
			attributes = {
				BuildIndependentTargetsInParallel = 1;
				LastSwiftUpdateCheck = 1520;
				LastUpgradeCheck = 1520;
				TargetAttributes = {
					D81807F52B8E1BDE002911BE = {
						CreatedOnToolsVersion = 15.2;
					};
				};
			};
			buildConfigurationList = D81807F12B8E1BDE002911BE /* Build configuration list for PBXProject "Non-Contact Heart Rate Monitor" */;
			compatibilityVersion = "Xcode 14.0";
			developmentRegion = en;
			hasScannedForEncodings = 0;
			knownRegions = (
				en,
				Base,
			);
			mainGroup = D81807ED2B8E1BDE002911BE;
			packageReferences = (
				D87B5E2E2B8E7588007EE726 /* XCRemoteSwiftPackageReference "ORSSerialPort" */,
			);
			productRefGroup = D81807F72B8E1BDE002911BE /* Products */;
			projectDirPath = "";
			projectRoot = "";
			targets = (
				D81807F52B8E1BDE002911BE /* Non-Contact Heart Rate Monitor */,
			);
		};
/* End PBXProject section */

/* Begin PBXResourcesBuildPhase section */
		D81807F42B8E1BDE002911BE /* Resources */ = {
			isa = PBXResourcesBuildPhase;
			buildActionMask = 2147483647;
			files = (
				D81807FE2B8E1BDF002911BE /* Assets.xcassets in Resources */,
				D87B5E342B8E7903007EE726 /* EHF_Radar_Logo.png in Resources */,
				D87B5E332B8E7903007EE726 /* dot.radiowaves.left.and.right.png in Resources */,
				D81808012B8E1BDF002911BE /* Main.storyboard in Resources */,
			);
			runOnlyForDeploymentPostprocessing = 0;
		};
/* End PBXResourcesBuildPhase section */

/* Begin PBXSourcesBuildPhase section */
		D81807F22B8E1BDE002911BE /* Sources */ = {
			isa = PBXSourcesBuildPhase;
			buildActionMask = 2147483647;
			files = (
				D81807FC2B8E1BDE002911BE /* ViewController.swift in Sources */,
				D81807FA2B8E1BDE002911BE /* AppDelegate.swift in Sources */,
			);
			runOnlyForDeploymentPostprocessing = 0;
		};
/* End PBXSourcesBuildPhase section */

/* Begin PBXVariantGroup section */
		D81807FF2B8E1BDF002911BE /* Main.storyboard */ = {
			isa = PBXVariantGroup;
			children = (
				D81808002B8E1BDF002911BE /* Base */,
			);
			name = Main.storyboard;
			sourceTree = "<group>";
		};
/* End PBXVariantGroup section */

/* Begin XCBuildConfiguration section */
		D81808032B8E1BDF002911BE /* Debug */ = {
			isa = XCBuildConfiguration;
			buildSettings = {
				ALWAYS_SEARCH_USER_PATHS = NO;
				ASSETCATALOG_COMPILER_GENERATE_SWIFT_ASSET_SYMBOL_EXTENSIONS = YES;
				CLANG_ANALYZER_NONNULL = YES;
				CLANG_ANALYZER_NUMBER_OBJECT_CONVERSION = YES_AGGRESSIVE;
				CLANG_CXX_LANGUAGE_STANDARD = "gnu++20";
				CLANG_ENABLE_MODULES = YES;
				CLANG_ENABLE_OBJC_ARC = YES;
				CLANG_ENABLE_OBJC_WEAK = YES;
				CLANG_WARN_BLOCK_CAPTURE_AUTORELEASING = YES;
				CLANG_WARN_BOOL_CONVERSION = YES;
				CLANG_WARN_COMMA = YES;
				CLANG_WARN_CONSTANT_CONVERSION = YES;
				CLANG_WARN_DEPRECATED_OBJC_IMPLEMENTATIONS = YES;
				CLANG_WARN_DIRECT_OBJC_ISA_USAGE = YES_ERROR;
				CLANG_WARN_DOCUMENTATION_COMMENTS = YES;
				CLANG_WARN_EMPTY_BODY = YES;
				CLANG_WARN_ENUM_CONVERSION = YES;
				CLANG_WARN_INFINITE_RECURSION = YES;
				CLANG_WARN_INT_CONVERSION = YES;
				CLANG_WARN_NON_LITERAL_NULL_CONVERSION = YES;
				CLANG_WARN_OBJC_IMPLICIT_RETAIN_SELF = YES;
				CLANG_WARN_OBJC_LITERAL_CONVERSION = YES;
				CLANG_WARN_OBJC_ROOT_CLASS = YES_ERROR;
				CLANG_WARN_QUOTED_INCLUDE_IN_FRAMEWORK_HEADER = YES;
				CLANG_WARN_RANGE_LOOP_ANALYSIS = YES;
				CLANG_WARN_STRICT_PROTOTYPES = YES;
				CLANG_WARN_SUSPICIOUS_MOVE = YES;
				CLANG_WARN_UNGUARDED_AVAILABILITY = YES_AGGRESSIVE;
				CLANG_WARN_UNREACHABLE_CODE = YES;
				CLANG_WARN__DUPLICATE_METHOD_MATCH = YES;
				COPY_PHASE_STRIP = NO;
				DEBUG_INFORMATION_FORMAT = dwarf;
				ENABLE_STRICT_OBJC_MSGSEND = YES;
				ENABLE_TESTABILITY = YES;
				ENABLE_USER_SCRIPT_SANDBOXING = YES;
				GCC_C_LANGUAGE_STANDARD = gnu17;
				GCC_DYNAMIC_NO_PIC = NO;
				GCC_NO_COMMON_BLOCKS = YES;
				GCC_OPTIMIZATION_LEVEL = 0;
				GCC_PREPROCESSOR_DEFINITIONS = (
					"DEBUG=1",
					"$(inherited)",
				);
				GCC_WARN_64_TO_32_BIT_CONVERSION = YES;
				GCC_WARN_ABOUT_RETURN_TYPE = YES_ERROR;
				GCC_WARN_UNDECLARED_SELECTOR = YES;
				GCC_WARN_UNINITIALIZED_AUTOS = YES_AGGRESSIVE;
				GCC_WARN_UNUSED_FUNCTION = YES;
				GCC_WARN_UNUSED_VARIABLE = YES;
				LOCALIZATION_PREFERS_STRING_CATALOGS = YES;
				MACOSX_DEPLOYMENT_TARGET = 14.2;
				MTL_ENABLE_DEBUG_INFO = INCLUDE_SOURCE;
				MTL_FAST_MATH = YES;
				ONLY_ACTIVE_ARCH = YES;
				SDKROOT = macosx;
				SWIFT_ACTIVE_COMPILATION_CONDITIONS = "DEBUG $(inherited)";
				SWIFT_OPTIMIZATION_LEVEL = "-Onone";
			};
			name = Debug;
		};
		D81808042B8E1BDF002911BE /* Release */ = {
			isa = XCBuildConfiguration;
			buildSettings = {
				ALWAYS_SEARCH_USER_PATHS = NO;
				ASSETCATALOG_COMPILER_GENERATE_SWIFT_ASSET_SYMBOL_EXTENSIONS = YES;
				CLANG_ANALYZER_NONNULL = YES;
				CLANG_ANALYZER_NUMBER_OBJECT_CONVERSION = YES_AGGRESSIVE;
				CLANG_CXX_LANGUAGE_STANDARD = "gnu++20";
				CLANG_ENABLE_MODULES = YES;
				CLANG_ENABLE_OBJC_ARC = YES;
				CLANG_ENABLE_OBJC_WEAK = YES;
				CLANG_WARN_BLOCK_CAPTURE_AUTORELEASING = YES;
				CLANG_WARN_BOOL_CONVERSION = YES;
				CLANG_WARN_COMMA = YES;
				CLANG_WARN_CONSTANT_CONVERSION = YES;
				CLANG_WARN_DEPRECATED_OBJC_IMPLEMENTATIONS = YES;
				CLANG_WARN_DIRECT_OBJC_ISA_USAGE = YES_ERROR;
				CLANG_WARN_DOCUMENTATION_COMMENTS = YES;
				CLANG_WARN_EMPTY_BODY = YES;
				CLANG_WARN_ENUM_CONVERSION = YES;
				CLANG_WARN_INFINITE_RECURSION = YES;
				CLANG_WARN_INT_CONVERSION = YES;
				CLANG_WARN_NON_LITERAL_NULL_CONVERSION = YES;
				CLANG_WARN_OBJC_IMPLICIT_RETAIN_SELF = YES;
				CLANG_WARN_OBJC_LITERAL_CONVERSION = YES;
				CLANG_WARN_OBJC_ROOT_CLASS = YES_ERROR;
				CLANG_WARN_QUOTED_INCLUDE_IN_FRAMEWORK_HEADER = YES;
				CLANG_WARN_RANGE_LOOP_ANALYSIS = YES;
				CLANG_WARN_STRICT_PROTOTYPES = YES;
				CLANG_WARN_SUSPICIOUS_MOVE = YES;
				CLANG_WARN_UNGUARDED_AVAILABILITY = YES_AGGRESSIVE;
				CLANG_WARN_UNREACHABLE_CODE = YES;
				CLANG_WARN__DUPLICATE_METHOD_MATCH = YES;
				COPY_PHASE_STRIP = NO;
				DEBUG_INFORMATION_FORMAT = "dwarf-with-dsym";
				ENABLE_NS_ASSERTIONS = NO;
				ENABLE_STRICT_OBJC_MSGSEND = YES;
				ENABLE_USER_SCRIPT_SANDBOXING = YES;
				GCC_C_LANGUAGE_STANDARD = gnu17;
				GCC_NO_COMMON_BLOCKS = YES;
				GCC_WARN_64_TO_32_BIT_CONVERSION = YES;
				GCC_WARN_ABOUT_RETURN_TYPE = YES_ERROR;
				GCC_WARN_UNDECLARED_SELECTOR = YES;
				GCC_WARN_UNINITIALIZED_AUTOS = YES_AGGRESSIVE;
				GCC_WARN_UNUSED_FUNCTION = YES;
				GCC_WARN_UNUSED_VARIABLE = YES;
				LOCALIZATION_PREFERS_STRING_CATALOGS = YES;
				MACOSX_DEPLOYMENT_TARGET = 14.2;
				MTL_ENABLE_DEBUG_INFO = NO;
				MTL_FAST_MATH = YES;
				SDKROOT = macosx;
				SWIFT_COMPILATION_MODE = wholemodule;
			};
			name = Release;
		};
		D81808062B8E1BDF002911BE /* Debug */ = {
			isa = XCBuildConfiguration;
			buildSettings = {
				ASSETCATALOG_COMPILER_APPICON_NAME = AppIcon;
				ASSETCATALOG_COMPILER_GLOBAL_ACCENT_COLOR_NAME = AccentColor;
				CODE_SIGN_ENTITLEMENTS = "Non-Contact Heart Rate Monitor/Non_Contact_Heart_Rate_Monitor.entitlements";
				CODE_SIGN_STYLE = Automatic;
				COMBINE_HIDPI_IMAGES = YES;
				CURRENT_PROJECT_VERSION = 1;
				DEVELOPMENT_TEAM = ZZ7P7YVB53;
				ENABLE_HARDENED_RUNTIME = YES;
				GENERATE_INFOPLIST_FILE = YES;
				INFOPLIST_KEY_NSHumanReadableCopyright = "";
				INFOPLIST_KEY_NSMainStoryboardFile = Main;
				INFOPLIST_KEY_NSPrincipalClass = NSApplication;
				LD_RUNPATH_SEARCH_PATHS = (
					"$(inherited)",
					"@executable_path/../Frameworks",
				);
				MARKETING_VERSION = 1.0;
				PRODUCT_BUNDLE_IDENTIFIER = "com.nrc.macos.ehf-radar-hr-monitor.Non-Contact-Heart-Rate-Monitor";
				PRODUCT_NAME = "$(TARGET_NAME)";
				SWIFT_EMIT_LOC_STRINGS = YES;
				SWIFT_VERSION = 5.0;
			};
			name = Debug;
		};
		D81808072B8E1BDF002911BE /* Release */ = {
			isa = XCBuildConfiguration;
			buildSettings = {
				ASSETCATALOG_COMPILER_APPICON_NAME = AppIcon;
				ASSETCATALOG_COMPILER_GLOBAL_ACCENT_COLOR_NAME = AccentColor;
				CODE_SIGN_ENTITLEMENTS = "Non-Contact Heart Rate Monitor/Non_Contact_Heart_Rate_Monitor.entitlements";
				CODE_SIGN_STYLE = Automatic;
				COMBINE_HIDPI_IMAGES = YES;
				CURRENT_PROJECT_VERSION = 1;
				DEVELOPMENT_TEAM = ZZ7P7YVB53;
				ENABLE_HARDENED_RUNTIME = YES;
				GENERATE_INFOPLIST_FILE = YES;
				INFOPLIST_KEY_NSHumanReadableCopyright = "";
				INFOPLIST_KEY_NSMainStoryboardFile = Main;
				INFOPLIST_KEY_NSPrincipalClass = NSApplication;
				LD_RUNPATH_SEARCH_PATHS = (
					"$(inherited)",
					"@executable_path/../Frameworks",
				);
				MARKETING_VERSION = 1.0;
				PRODUCT_BUNDLE_IDENTIFIER = "com.nrc.macos.ehf-radar-hr-monitor.Non-Contact-Heart-Rate-Monitor";
				PRODUCT_NAME = "$(TARGET_NAME)";
				SWIFT_EMIT_LOC_STRINGS = YES;
				SWIFT_VERSION = 5.0;
			};
			name = Release;
		};
/* End XCBuildConfiguration section */

/* Begin XCConfigurationList section */
		D81807F12B8E1BDE002911BE /* Build configuration list for PBXProject "Non-Contact Heart Rate Monitor" */ = {
			isa = XCConfigurationList;
			buildConfigurations = (
				D81808032B8E1BDF002911BE /* Debug */,
				D81808042B8E1BDF002911BE /* Release */,
			);
			defaultConfigurationIsVisible = 0;
			defaultConfigurationName = Release;
		};
		D81808052B8E1BDF002911BE /* Build configuration list for PBXNativeTarget "Non-Contact Heart Rate Monitor" */ = {
			isa = XCConfigurationList;
			buildConfigurations = (
				D81808062B8E1BDF002911BE /* Debug */,
				D81808072B8E1BDF002911BE /* Release */,
			);
			defaultConfigurationIsVisible = 0;
			defaultConfigurationName = Release;
		};
/* End XCConfigurationList section */

/* Begin XCRemoteSwiftPackageReference section */
		D87B5E2E2B8E7588007EE726 /* XCRemoteSwiftPackageReference "ORSSerialPort" */ = {
			isa = XCRemoteSwiftPackageReference;
			repositoryURL = "https://github.com/armadsen/ORSSerialPort";
			requirement = {
				kind = upToNextMajorVersion;
				minimumVersion = 2.1.0;
			};
		};
/* End XCRemoteSwiftPackageReference section */

/* Begin XCSwiftPackageProductDependency section */
		D87B5E2F2B8E7588007EE726 /* ORSSerial */ = {
			isa = XCSwiftPackageProductDependency;
			package = D87B5E2E2B8E7588007EE726 /* XCRemoteSwiftPackageReference "ORSSerialPort" */;
			productName = ORSSerial;
		};
/* End XCSwiftPackageProductDependency section */
	};
	rootObject = D81807EE2B8E1BDE002911BE /* Project object */;
}
